
Microsoft Visual Studio Solution File, Format Version 12.00
# Visual Studio 14
VisualStudioVersion = 14.0.25420.1
MinimumVisualStudioVersion = 10.0.40219.1
Project("{2150E333-8FDC-42A3-9474-1A3956D46DE8}") = "src", "src", "{FBDBF06E-4DC6-403D-8040-B9F32E56B1E2}"
EndProject
Project("{FAE04EC0-301F-11D3-BF4B-00C04F79EFBC}") = "Atlas.BenefitPlan.BLL", "src\Atlas.BenefitPlan.BLL\Atlas.BenefitPlan.BLL.csproj", "{9E4245E8-1E7E-4448-B5DF-7E4C9F5D3480}"
EndProject
Project("{FAE04EC0-301F-11D3-BF4B-00C04F79EFBC}") = "Atlas.BenefitPlan.DAL", "src\Atlas.BenefitPlan.DAL\Atlas.BenefitPlan.DAL.csproj", "{4D4CB2BF-793A-4240-B344-056550310F7E}"
EndProject
Project("{FAE04EC0-301F-11D3-BF4B-00C04F79EFBC}") = "Atlas.Core.DAL", "src\Atlas.Core.DAL\Atlas.Core.DAL.csproj", "{E587A754-72AD-4C6E-8245-86AB848DB40D}"
EndProject
Project("{FAE04EC0-301F-11D3-BF4B-00C04F79EFBC}") = "Atlas.Configuration", "src\Atlas.Configuration\Atlas.Configuration.csproj", "{B918F8C1-4FE2-4FF9-BF5A-B1D338A33465}"
EndProject
Project("{FAE04EC0-301F-11D3-BF4B-00C04F79EFBC}") = "BenefitPlanWebApi", "BenefitPlanWebApi\BenefitPlanWebApi.csproj", "{8CAD9A88-38F8-414C-9BB9-BB49EC8EFBE6}"
EndProject
Project("{FAE04EC0-301F-11D3-BF4B-00C04F79EFBC}") = "Atlas.Core.WebApi", "src\Atlas.Core.WebApi\Atlas.Core.WebApi.csproj", "{7C27D08F-B641-48BD-B054-B22BAC8AC6EC}"
EndProject
Project("{2150E333-8FDC-42A3-9474-1A3956D46DE8}") = "UnitTests", "UnitTests", "{4F5EC7E1-A28A-40F1-BAC6-ECB0B0B09965}"
EndProject
Project("{FAE04EC0-301F-11D3-BF4B-00C04F79EFBC}") = "Atlas.BenefitPlan.BLL.Test", "Atlas.BenefitPlan.BLL.Test\Atlas.BenefitPlan.BLL.Test.csproj", "{A1BB30B4-103B-4EAB-BABE-D146A0E6296C}"
EndProject
Project("{FAE04EC0-301F-11D3-BF4B-00C04F79EFBC}") = "Atlas.Core.BLL", "src\Atlas.Core.BLL\Atlas.Core.BLL.csproj", "{F354654C-2C71-4BB1-B402-8383108FC9C2}"
EndProject
Project("{FAE04EC0-301F-11D3-BF4B-00C04F79EFBC}") = "AtlasFrameworkTests", "AtlasFrameworkTests\AtlasFrameworkTests.csproj", "{D3E6E362-7F0F-4CC7-82D2-44552528F008}"
EndProject
Project("{FAE04EC0-301F-11D3-BF4B-00C04F79EFBC}") = "Atlas.Core.BLL.Test", "Atlas.Core.BLL.Test\Atlas.Core.BLL.Test.csproj", "{2E20EAA5-53A4-47C0-819B-AF4F31F9F6EA}"
EndProject
Global
	GlobalSection(SolutionConfigurationPlatforms) = preSolution
		Debug|Any CPU = Debug|Any CPU
		Release|Any CPU = Release|Any CPU
	EndGlobalSection
	GlobalSection(ProjectConfigurationPlatforms) = postSolution
		{9E4245E8-1E7E-4448-B5DF-7E4C9F5D3480}.Debug|Any CPU.ActiveCfg = Debug|Any CPU
		{9E4245E8-1E7E-4448-B5DF-7E4C9F5D3480}.Debug|Any CPU.Build.0 = Debug|Any CPU
		{9E4245E8-1E7E-4448-B5DF-7E4C9F5D3480}.Release|Any CPU.ActiveCfg = Release|Any CPU
		{9E4245E8-1E7E-4448-B5DF-7E4C9F5D3480}.Release|Any CPU.Build.0 = Release|Any CPU
		{4D4CB2BF-793A-4240-B344-056550310F7E}.Debug|Any CPU.ActiveCfg = Debug|Any CPU
		{4D4CB2BF-793A-4240-B344-056550310F7E}.Debug|Any CPU.Build.0 = Debug|Any CPU
		{4D4CB2BF-793A-4240-B344-056550310F7E}.Release|Any CPU.ActiveCfg = Release|Any CPU
		{4D4CB2BF-793A-4240-B344-056550310F7E}.Release|Any CPU.Build.0 = Release|Any CPU
		{E587A754-72AD-4C6E-8245-86AB848DB40D}.Debug|Any CPU.ActiveCfg = Debug|Any CPU
		{E587A754-72AD-4C6E-8245-86AB848DB40D}.Debug|Any CPU.Build.0 = Debug|Any CPU
		{E587A754-72AD-4C6E-8245-86AB848DB40D}.Release|Any CPU.ActiveCfg = Release|Any CPU
		{E587A754-72AD-4C6E-8245-86AB848DB40D}.Release|Any CPU.Build.0 = Release|Any CPU
		{B918F8C1-4FE2-4FF9-BF5A-B1D338A33465}.Debug|Any CPU.ActiveCfg = Debug|Any CPU
		{B918F8C1-4FE2-4FF9-BF5A-B1D338A33465}.Debug|Any CPU.Build.0 = Debug|Any CPU
		{B918F8C1-4FE2-4FF9-BF5A-B1D338A33465}.Release|Any CPU.ActiveCfg = Release|Any CPU
		{B918F8C1-4FE2-4FF9-BF5A-B1D338A33465}.Release|Any CPU.Build.0 = Release|Any CPU
		{8CAD9A88-38F8-414C-9BB9-BB49EC8EFBE6}.Debug|Any CPU.ActiveCfg = Debug|Any CPU
		{8CAD9A88-38F8-414C-9BB9-BB49EC8EFBE6}.Debug|Any CPU.Build.0 = Debug|Any CPU
		{8CAD9A88-38F8-414C-9BB9-BB49EC8EFBE6}.Release|Any CPU.ActiveCfg = Release|Any CPU
		{8CAD9A88-38F8-414C-9BB9-BB49EC8EFBE6}.Release|Any CPU.Build.0 = Release|Any CPU
		{7C27D08F-B641-48BD-B054-B22BAC8AC6EC}.Debug|Any CPU.ActiveCfg = Debug|Any CPU
		{7C27D08F-B641-48BD-B054-B22BAC8AC6EC}.Debug|Any CPU.Build.0 = Debug|Any CPU
		{7C27D08F-B641-48BD-B054-B22BAC8AC6EC}.Release|Any CPU.ActiveCfg = Release|Any CPU
		{7C27D08F-B641-48BD-B054-B22BAC8AC6EC}.Release|Any CPU.Build.0 = Release|Any CPU
		{A1BB30B4-103B-4EAB-BABE-D146A0E6296C}.Debug|Any CPU.ActiveCfg = Debug|Any CPU
		{A1BB30B4-103B-4EAB-BABE-D146A0E6296C}.Debug|Any CPU.Build.0 = Debug|Any CPU
		{A1BB30B4-103B-4EAB-BABE-D146A0E6296C}.Release|Any CPU.ActiveCfg = Release|Any CPU
		{A1BB30B4-103B-4EAB-BABE-D146A0E6296C}.Release|Any CPU.Build.0 = Release|Any CPU
		{F354654C-2C71-4BB1-B402-8383108FC9C2}.Debug|Any CPU.ActiveCfg = Debug|Any CPU
		{F354654C-2C71-4BB1-B402-8383108FC9C2}.Debug|Any CPU.Build.0 = Debug|Any CPU
		{F354654C-2C71-4BB1-B402-8383108FC9C2}.Release|Any CPU.ActiveCfg = Release|Any CPU
		{F354654C-2C71-4BB1-B402-8383108FC9C2}.Release|Any CPU.Build.0 = Release|Any CPU
		{D3E6E362-7F0F-4CC7-82D2-44552528F008}.Debug|Any CPU.ActiveCfg = Debug|Any CPU
		{D3E6E362-7F0F-4CC7-82D2-44552528F008}.Debug|Any CPU.Build.0 = Debug|Any CPU
		{D3E6E362-7F0F-4CC7-82D2-44552528F008}.Release|Any CPU.ActiveCfg = Release|Any CPU
		{D3E6E362-7F0F-4CC7-82D2-44552528F008}.Release|Any CPU.Build.0 = Release|Any CPU
		{2E20EAA5-53A4-47C0-819B-AF4F31F9F6EA}.Debug|Any CPU.ActiveCfg = Debug|Any CPU
		{2E20EAA5-53A4-47C0-819B-AF4F31F9F6EA}.Debug|Any CPU.Build.0 = Debug|Any CPU
		{2E20EAA5-53A4-47C0-819B-AF4F31F9F6EA}.Release|Any CPU.ActiveCfg = Release|Any CPU
		{2E20EAA5-53A4-47C0-819B-AF4F31F9F6EA}.Release|Any CPU.Build.0 = Release|Any CPU
	EndGlobalSection
	GlobalSection(SolutionProperties) = preSolution
		HideSolutionNode = FALSE
	EndGlobalSection
	GlobalSection(NestedProjects) = preSolution
		{9E4245E8-1E7E-4448-B5DF-7E4C9F5D3480} = {FBDBF06E-4DC6-403D-8040-B9F32E56B1E2}
		{4D4CB2BF-793A-4240-B344-056550310F7E} = {FBDBF06E-4DC6-403D-8040-B9F32E56B1E2}
		{E587A754-72AD-4C6E-8245-86AB848DB40D} = {FBDBF06E-4DC6-403D-8040-B9F32E56B1E2}
		{B918F8C1-4FE2-4FF9-BF5A-B1D338A33465} = {FBDBF06E-4DC6-403D-8040-B9F32E56B1E2}
		{7C27D08F-B641-48BD-B054-B22BAC8AC6EC} = {FBDBF06E-4DC6-403D-8040-B9F32E56B1E2}
		{A1BB30B4-103B-4EAB-BABE-D146A0E6296C} = {4F5EC7E1-A28A-40F1-BAC6-ECB0B0B09965}
		{F354654C-2C71-4BB1-B402-8383108FC9C2} = {FBDBF06E-4DC6-403D-8040-B9F32E56B1E2}
		{D3E6E362-7F0F-4CC7-82D2-44552528F008} = {4F5EC7E1-A28A-40F1-BAC6-ECB0B0B09965}
		{2E20EAA5-53A4-47C0-819B-AF4F31F9F6EA} = {4F5EC7E1-A28A-40F1-BAC6-ECB0B0B09965}
	EndGlobalSection
EndGlobal
