
Microsoft Visual Studio Solution File, Format Version 12.00
# Visual Studio 14
VisualStudioVersion = 14.0.25420.1
MinimumVisualStudioVersion = 10.0.40219.1
Project("{2150E333-8FDC-42A3-9474-1A3956D46DE8}") = "src", "src", "{0646B415-D6D4-457D-B94B-8AF9CCED434F}"
EndProject
Project("{2150E333-8FDC-42A3-9474-1A3956D46DE8}") = "Solution Items", "Solution Items", "{D7453938-C42A-4C4D-A8C1-EBDDAA974AC4}"
	ProjectSection(SolutionItems) = preProject
		global.json = global.json
	EndProjectSection
EndProject
Project("{2150E333-8FDC-42A3-9474-1A3956D46DE8}") = "ThirdParty", "ThirdParty", "{914A6D3F-A353-492B-A6A2-689D90F5A046}"
EndProject
Project("{2150E333-8FDC-42A3-9474-1A3956D46DE8}") = "UnitTests", "UnitTests", "{EC0D2921-11E4-4D77-88B1-8E6BB37C4B5D}"
EndProject
Project("{FAE04EC0-301F-11D3-BF4B-00C04F79EFBC}") = "AtlasFrameworkTests", "AtlasFrameworkTests\AtlasFrameworkTests.csproj", "{D3E6E362-7F0F-4CC7-82D2-44552528F008}"
EndProject
Project("{FAE04EC0-301F-11D3-BF4B-00C04F79EFBC}") = "ProxyDataAccessTests", "ProxyDataAccessTests\ProxyDataAccessTests.csproj", "{CDB169F5-388B-4795-A514-D18F1DEF9D26}"
EndProject
Project("{FAE04EC0-301F-11D3-BF4B-00C04F79EFBC}") = "FormularyWebApi", "FormularyWebApi\FormularyWebApi.csproj", "{8B3D7A44-4793-4B55-BCCC-378F40351A50}"
EndProject
Project("{FAE04EC0-301F-11D3-BF4B-00C04F79EFBC}") = "AtlasSQLDataAccessTests", "AtlasSQLDataAccessTests\AtlasSQLDataAccessTests.csproj", "{2163864E-D84C-4627-B84C-24DBC8C1D4EF}"
EndProject
Project("{FAE04EC0-301F-11D3-BF4B-00C04F79EFBC}") = "Atlas.Formulary.BLL", "src\Atlas.Formulary.BLL\Atlas.Formulary.BLL.csproj", "{6409F643-BB58-4446-BDB7-9A91E714C041}"
EndProject
Project("{FAE04EC0-301F-11D3-BF4B-00C04F79EFBC}") = "Atlas.Formulary.DAL", "src\Atlas.Formulary.DAL\Atlas.Formulary.DAL.csproj", "{4DD854C9-10E4-40E5-82E4-9E2EF00EFD33}"
EndProject
Project("{FAE04EC0-301F-11D3-BF4B-00C04F79EFBC}") = "Atlas.Core.DAL", "src\Atlas.Core.DAL\Atlas.Core.DAL.csproj", "{E587A754-72AD-4C6E-8245-86AB848DB40D}"
EndProject
Project("{FAE04EC0-301F-11D3-BF4B-00C04F79EFBC}") = "Atlas.Reference.BLL", "src\Atlas.Reference.BLL\Atlas.Reference.BLL.csproj", "{CB005676-1843-47BA-A281-EBF802C62437}"
EndProject
Project("{FAE04EC0-301F-11D3-BF4B-00C04F79EFBC}") = "Atlas.Reference.DAL", "src\Atlas.Reference.DAL\Atlas.Reference.DAL.csproj", "{BBD17372-12D9-4100-AF1D-BC9DE62704BE}"
EndProject
Project("{FAE04EC0-301F-11D3-BF4B-00C04F79EFBC}") = "Atlas.Configuration", "src\Atlas.Configuration\Atlas.Configuration.csproj", "{B918F8C1-4FE2-4FF9-BF5A-B1D338A33465}"
EndProject
Project("{FAE04EC0-301F-11D3-BF4B-00C04F79EFBC}") = "Atlas.Formulary.BLL.Test", "Atlas.Formulary.BLL.Test\Atlas.Formulary.BLL.Test.csproj", "{817CB0DD-3B58-42C2-8750-5814053BFE02}"
EndProject
Project("{FAE04EC0-301F-11D3-BF4B-00C04F79EFBC}") = "Atlas.Core.WebApi", "src\Atlas.Core.WebApi\Atlas.Core.WebApi.csproj", "{7C27D08F-B641-48BD-B054-B22BAC8AC6EC}"
EndProject
Project("{2150E333-8FDC-42A3-9474-1A3956D46DE8}") = "UnitTestingMetrics", "UnitTestingMetrics", "{6CE60A70-6ED8-4B94-9394-13D796FC835B}"
	ProjectSection(SolutionItems) = preProject
		GeneratedUnitTestMetrics.bat = GeneratedUnitTestMetrics.bat
	EndProjectSection
EndProject
Project("{FAE04EC0-301F-11D3-BF4B-00C04F79EFBC}") = "Atlas.Formulary.DAL.Test", "Atlas.Formulary.DAL.Test\Atlas.Formulary.DAL.Test.csproj", "{BD5A0772-3663-465C-93A7-D6BE14B99D59}"
EndProject
Project("{2150E333-8FDC-42A3-9474-1A3956D46DE8}") = "IntegrationTests", "IntegrationTests", "{8DAB1EDC-7527-4268-8BBF-75253BE9BD1C}"
EndProject
Project("{FAE04EC0-301F-11D3-BF4B-00C04F79EFBC}") = "Atlas.Formulary.DAL.Integration.Test", "Atlas.Formulary.DAL.Integration.Test\Atlas.Formulary.DAL.Integration.Test.csproj", "{29FB4C7E-9D28-4E56-90FE-C0E953CBBCD1}"
EndProject
Global
	GlobalSection(SolutionConfigurationPlatforms) = preSolution
		Debug|Any CPU = Debug|Any CPU
		Release|Any CPU = Release|Any CPU
	EndGlobalSection
	GlobalSection(ProjectConfigurationPlatforms) = postSolution
		{D3E6E362-7F0F-4CC7-82D2-44552528F008}.Debug|Any CPU.ActiveCfg = Debug|Any CPU
		{D3E6E362-7F0F-4CC7-82D2-44552528F008}.Debug|Any CPU.Build.0 = Debug|Any CPU
		{D3E6E362-7F0F-4CC7-82D2-44552528F008}.Release|Any CPU.ActiveCfg = Release|Any CPU
		{D3E6E362-7F0F-4CC7-82D2-44552528F008}.Release|Any CPU.Build.0 = Release|Any CPU
		{CDB169F5-388B-4795-A514-D18F1DEF9D26}.Debug|Any CPU.ActiveCfg = Debug|Any CPU
		{CDB169F5-388B-4795-A514-D18F1DEF9D26}.Debug|Any CPU.Build.0 = Debug|Any CPU
		{CDB169F5-388B-4795-A514-D18F1DEF9D26}.Release|Any CPU.ActiveCfg = Release|Any CPU
		{CDB169F5-388B-4795-A514-D18F1DEF9D26}.Release|Any CPU.Build.0 = Release|Any CPU
		{8B3D7A44-4793-4B55-BCCC-378F40351A50}.Debug|Any CPU.ActiveCfg = Debug|Any CPU
		{8B3D7A44-4793-4B55-BCCC-378F40351A50}.Debug|Any CPU.Build.0 = Debug|Any CPU
		{8B3D7A44-4793-4B55-BCCC-378F40351A50}.Release|Any CPU.ActiveCfg = Release|Any CPU
		{8B3D7A44-4793-4B55-BCCC-378F40351A50}.Release|Any CPU.Build.0 = Release|Any CPU
		{2163864E-D84C-4627-B84C-24DBC8C1D4EF}.Debug|Any CPU.ActiveCfg = Debug|Any CPU
		{2163864E-D84C-4627-B84C-24DBC8C1D4EF}.Debug|Any CPU.Build.0 = Debug|Any CPU
		{2163864E-D84C-4627-B84C-24DBC8C1D4EF}.Release|Any CPU.ActiveCfg = Release|Any CPU
		{2163864E-D84C-4627-B84C-24DBC8C1D4EF}.Release|Any CPU.Build.0 = Release|Any CPU
		{6409F643-BB58-4446-BDB7-9A91E714C041}.Debug|Any CPU.ActiveCfg = Debug|Any CPU
		{6409F643-BB58-4446-BDB7-9A91E714C041}.Debug|Any CPU.Build.0 = Debug|Any CPU
		{6409F643-BB58-4446-BDB7-9A91E714C041}.Release|Any CPU.ActiveCfg = Release|Any CPU
		{6409F643-BB58-4446-BDB7-9A91E714C041}.Release|Any CPU.Build.0 = Release|Any CPU
		{4DD854C9-10E4-40E5-82E4-9E2EF00EFD33}.Debug|Any CPU.ActiveCfg = Debug|Any CPU
		{4DD854C9-10E4-40E5-82E4-9E2EF00EFD33}.Debug|Any CPU.Build.0 = Debug|Any CPU
		{4DD854C9-10E4-40E5-82E4-9E2EF00EFD33}.Release|Any CPU.ActiveCfg = Release|Any CPU
		{4DD854C9-10E4-40E5-82E4-9E2EF00EFD33}.Release|Any CPU.Build.0 = Release|Any CPU
		{E587A754-72AD-4C6E-8245-86AB848DB40D}.Debug|Any CPU.ActiveCfg = Debug|Any CPU
		{E587A754-72AD-4C6E-8245-86AB848DB40D}.Debug|Any CPU.Build.0 = Debug|Any CPU
		{E587A754-72AD-4C6E-8245-86AB848DB40D}.Release|Any CPU.ActiveCfg = Release|Any CPU
		{E587A754-72AD-4C6E-8245-86AB848DB40D}.Release|Any CPU.Build.0 = Release|Any CPU
		{CB005676-1843-47BA-A281-EBF802C62437}.Debug|Any CPU.ActiveCfg = Debug|Any CPU
		{CB005676-1843-47BA-A281-EBF802C62437}.Debug|Any CPU.Build.0 = Debug|Any CPU
		{CB005676-1843-47BA-A281-EBF802C62437}.Release|Any CPU.ActiveCfg = Release|Any CPU
		{CB005676-1843-47BA-A281-EBF802C62437}.Release|Any CPU.Build.0 = Release|Any CPU
		{BBD17372-12D9-4100-AF1D-BC9DE62704BE}.Debug|Any CPU.ActiveCfg = Debug|Any CPU
		{BBD17372-12D9-4100-AF1D-BC9DE62704BE}.Debug|Any CPU.Build.0 = Debug|Any CPU
		{BBD17372-12D9-4100-AF1D-BC9DE62704BE}.Release|Any CPU.ActiveCfg = Release|Any CPU
		{BBD17372-12D9-4100-AF1D-BC9DE62704BE}.Release|Any CPU.Build.0 = Release|Any CPU
		{B918F8C1-4FE2-4FF9-BF5A-B1D338A33465}.Debug|Any CPU.ActiveCfg = Debug|Any CPU
		{B918F8C1-4FE2-4FF9-BF5A-B1D338A33465}.Debug|Any CPU.Build.0 = Debug|Any CPU
		{B918F8C1-4FE2-4FF9-BF5A-B1D338A33465}.Release|Any CPU.ActiveCfg = Release|Any CPU
		{B918F8C1-4FE2-4FF9-BF5A-B1D338A33465}.Release|Any CPU.Build.0 = Release|Any CPU
		{817CB0DD-3B58-42C2-8750-5814053BFE02}.Debug|Any CPU.ActiveCfg = Debug|Any CPU
		{817CB0DD-3B58-42C2-8750-5814053BFE02}.Debug|Any CPU.Build.0 = Debug|Any CPU
		{817CB0DD-3B58-42C2-8750-5814053BFE02}.Release|Any CPU.ActiveCfg = Release|Any CPU
		{817CB0DD-3B58-42C2-8750-5814053BFE02}.Release|Any CPU.Build.0 = Release|Any CPU
		{7C27D08F-B641-48BD-B054-B22BAC8AC6EC}.Debug|Any CPU.ActiveCfg = Debug|Any CPU
		{7C27D08F-B641-48BD-B054-B22BAC8AC6EC}.Debug|Any CPU.Build.0 = Debug|Any CPU
		{7C27D08F-B641-48BD-B054-B22BAC8AC6EC}.Release|Any CPU.ActiveCfg = Release|Any CPU
		{7C27D08F-B641-48BD-B054-B22BAC8AC6EC}.Release|Any CPU.Build.0 = Release|Any CPU
		{BD5A0772-3663-465C-93A7-D6BE14B99D59}.Debug|Any CPU.ActiveCfg = Debug|Any CPU
		{BD5A0772-3663-465C-93A7-D6BE14B99D59}.Debug|Any CPU.Build.0 = Debug|Any CPU
		{BD5A0772-3663-465C-93A7-D6BE14B99D59}.Release|Any CPU.ActiveCfg = Release|Any CPU
		{BD5A0772-3663-465C-93A7-D6BE14B99D59}.Release|Any CPU.Build.0 = Release|Any CPU
		{29FB4C7E-9D28-4E56-90FE-C0E953CBBCD1}.Debug|Any CPU.ActiveCfg = Debug|Any CPU
		{29FB4C7E-9D28-4E56-90FE-C0E953CBBCD1}.Debug|Any CPU.Build.0 = Debug|Any CPU
		{29FB4C7E-9D28-4E56-90FE-C0E953CBBCD1}.Release|Any CPU.ActiveCfg = Release|Any CPU
		{29FB4C7E-9D28-4E56-90FE-C0E953CBBCD1}.Release|Any CPU.Build.0 = Release|Any CPU
	EndGlobalSection
	GlobalSection(SolutionProperties) = preSolution
		HideSolutionNode = FALSE
	EndGlobalSection
	GlobalSection(NestedProjects) = preSolution
		{914A6D3F-A353-492B-A6A2-689D90F5A046} = {0646B415-D6D4-457D-B94B-8AF9CCED434F}
		{D3E6E362-7F0F-4CC7-82D2-44552528F008} = {EC0D2921-11E4-4D77-88B1-8E6BB37C4B5D}
		{CDB169F5-388B-4795-A514-D18F1DEF9D26} = {EC0D2921-11E4-4D77-88B1-8E6BB37C4B5D}
		{2163864E-D84C-4627-B84C-24DBC8C1D4EF} = {EC0D2921-11E4-4D77-88B1-8E6BB37C4B5D}
		{6409F643-BB58-4446-BDB7-9A91E714C041} = {0646B415-D6D4-457D-B94B-8AF9CCED434F}
		{4DD854C9-10E4-40E5-82E4-9E2EF00EFD33} = {0646B415-D6D4-457D-B94B-8AF9CCED434F}
		{E587A754-72AD-4C6E-8245-86AB848DB40D} = {0646B415-D6D4-457D-B94B-8AF9CCED434F}
		{CB005676-1843-47BA-A281-EBF802C62437} = {0646B415-D6D4-457D-B94B-8AF9CCED434F}
		{BBD17372-12D9-4100-AF1D-BC9DE62704BE} = {0646B415-D6D4-457D-B94B-8AF9CCED434F}
		{B918F8C1-4FE2-4FF9-BF5A-B1D338A33465} = {0646B415-D6D4-457D-B94B-8AF9CCED434F}
		{817CB0DD-3B58-42C2-8750-5814053BFE02} = {EC0D2921-11E4-4D77-88B1-8E6BB37C4B5D}
		{7C27D08F-B641-48BD-B054-B22BAC8AC6EC} = {0646B415-D6D4-457D-B94B-8AF9CCED434F}
		{6CE60A70-6ED8-4B94-9394-13D796FC835B} = {D7453938-C42A-4C4D-A8C1-EBDDAA974AC4}
		{BD5A0772-3663-465C-93A7-D6BE14B99D59} = {EC0D2921-11E4-4D77-88B1-8E6BB37C4B5D}
		{29FB4C7E-9D28-4E56-90FE-C0E953CBBCD1} = {8DAB1EDC-7527-4268-8BBF-75253BE9BD1C}
	EndGlobalSection
	GlobalSection(ExtensibilityGlobals) = postSolution
		EnterpriseLibraryConfigurationToolBinariesPathV6 = packages\EnterpriseLibrary.Common.6.0.1304.0\lib\NET45;packages\EnterpriseLibrary.PolicyInjection.6.0.1304.0\lib\NET45
	EndGlobalSection
EndGlobal
